{
  "version": "0.0.0",
  "lockfileVersion": 1,
  "requires": true,
  "dependencies": {
    "@babel/parser": {
      "version": "7.15.7",
      "resolved": "https://registry.npmjs.org/@babel/parser/-/parser-7.15.7.tgz",
      "integrity": "sha512-rycZXvQ+xS9QyIcJ9HXeDWf1uxqlbVFAUq0Rq0dbc50Zb/+wUe/ehyfzGfm9KZZF0kBejYgxltBXocP+gKdL2g=="
    },
    "@css-render/plugin-bem": {
      "version": "0.15.6",
      "resolved": "https://registry.npmjs.org/@css-render/plugin-bem/-/plugin-bem-0.15.6.tgz",
      "integrity": "sha512-tz6PgYyP8CDa30JsaqK8q5MSg8/dICDi8QifzURlrWGIfAcLrToNX7Hum6lAvtD2rNHTKF9g12Hto4NVg/fdZA==",
      "dev": true,
      "requires": {
        "css-render": "~0.15.6"
      }
    },
    "@css-render/vue3-ssr": {
      "version": "0.15.6",
      "resolved": "https://registry.npmjs.org/@css-render/vue3-ssr/-/vue3-ssr-0.15.6.tgz",
      "integrity": "sha512-aBb5tIezKlM7PycXoek/46oGO3kRg5Y+FgE3RGGKwvv8CAnLhdk5b3UM0LDIRfXdI+vxA/kSgk4pz9f7nDqGjA==",
      "dev": true
    },
    "@emotion/hash": {
      "version": "0.8.0",
      "resolved": "https://registry.npmjs.org/@emotion/hash/-/hash-0.8.0.tgz",
      "integrity": "sha512-kBJtf7PH6aWwZ6fka3zQ0p6SBYzx4fl1LoZXE2RrnYST9Xljm7WfKJrU4g/Xr3Beg72MLrp1AWNUmuYJTL7Cow==",
      "dev": true
    },
    "@jest/types": {
      "version": "26.6.2",
      "resolved": "https://registry.npmjs.org/@jest/types/-/types-26.6.2.tgz",
      "integrity": "sha512-fC6QCp7Sc5sX6g8Tvbmj4XUTbyrik0akgRy03yjXbQaBWWNWGE7SGtJk98m0N8nzegD/7SggrUlivxo5ax4KWQ==",
      "dev": true,
      "requires": {
        "@types/istanbul-lib-coverage": "^2.0.0",
        "@types/istanbul-reports": "^3.0.0",
        "@types/node": "*",
        "@types/yargs": "^15.0.0",
        "chalk": "^4.0.0"
      }
    },
    "@types/istanbul-lib-coverage": {
      "version": "2.0.3",
      "resolved": "https://registry.npmjs.org/@types/istanbul-lib-coverage/-/istanbul-lib-coverage-2.0.3.tgz",
      "integrity": "sha512-sz7iLqvVUg1gIedBOvlkxPlc8/uVzyS5OwGz1cKjXzkl3FpL3al0crU8YGU1WoHkxn0Wxbw5tyi6hvzJKNzFsw==",
      "dev": true
    },
    "@types/istanbul-lib-report": {
      "version": "3.0.0",
      "resolved": "https://registry.npmjs.org/@types/istanbul-lib-report/-/istanbul-lib-report-3.0.0.tgz",
      "integrity": "sha512-plGgXAPfVKFoYfa9NpYDAkseG+g6Jr294RqeqcqDixSbU34MZVJRi/P+7Y8GDpzkEwLaGZZOpKIEmeVZNtKsrg==",
      "dev": true,
      "requires": {
        "@types/istanbul-lib-coverage": "*"
      }
    },
    "@types/istanbul-reports": {
      "version": "3.0.1",
      "resolved": "https://registry.npmjs.org/@types/istanbul-reports/-/istanbul-reports-3.0.1.tgz",
      "integrity": "sha512-c3mAZEuK0lvBp8tmuL74XRKn1+y2dcwOUpH7x4WrF6gk1GIgiluDRgMYQtw2OFcBvAJWlt6ASU3tSqxp0Uu0Aw==",
      "dev": true,
      "requires": {
        "@types/istanbul-lib-report": "*"
      }
    },
    "@types/jest": {
      "version": "26.0.24",
      "resolved": "https://registry.npmjs.org/@types/jest/-/jest-26.0.24.tgz",
      "integrity": "sha512-E/X5Vib8BWqZNRlDxj9vYXhsDwPYbPINqKF9BsnSoon4RQ0D9moEuLD8txgyypFLH7J4+Lho9Nr/c8H0Fi+17w==",
      "dev": true,
      "requires": {
        "jest-diff": "^26.0.0",
        "pretty-format": "^26.0.0"
      }
    },
    "@types/lodash": {
      "version": "4.14.174",
      "resolved": "https://registry.npmjs.org/@types/lodash/-/lodash-4.14.174.tgz",
      "integrity": "sha512-KMBLT6+g9qrGXpDt7ohjWPUD34WA/jasrtjTEHStF0NPdEwJ1N9SZ+4GaMVDeuk/y0+X5j9xFm6mNiXS7UoaLQ==",
      "dev": true
    },
    "@types/lodash-es": {
      "version": "4.17.5",
      "resolved": "https://registry.npmjs.org/@types/lodash-es/-/lodash-es-4.17.5.tgz",
      "integrity": "sha512-SHBoI8/0aoMQWAgUHMQ599VM6ZiSKg8sh/0cFqqlQQMyY9uEplc0ULU5yQNzcvdR4ZKa0ey8+vFmahuRbOCT1A==",
      "dev": true,
      "requires": {
        "@types/lodash": "*"
      }
    },
    "@types/node": {
      "version": "14.14.45",
      "resolved": "https://registry.npmjs.org/@types/node/-/node-14.14.45.tgz",
      "integrity": "sha512-DssMqTV9UnnoxDWu959sDLZzfvqCF0qDNRjaWeYSui9xkFe61kKo4l1TWNTQONpuXEm+gLMRvdlzvNHBamzmEw==",
      "dev": true
    },
    "@types/yargs": {
      "version": "15.0.14",
      "resolved": "https://registry.npmjs.org/@types/yargs/-/yargs-15.0.14.tgz",
      "integrity": "sha512-yEJzHoxf6SyQGhBhIYGXQDSCkJjB6HohDShto7m8vaKg9Yp0Yn8+71J9eakh2bnPg6BfsH9PRMhiRTZnd4eXGQ==",
      "dev": true,
      "requires": {
        "@types/yargs-parser": "*"
      }
    },
    "@types/yargs-parser": {
      "version": "20.2.1",
      "resolved": "https://registry.npmjs.org/@types/yargs-parser/-/yargs-parser-20.2.1.tgz",
      "integrity": "sha512-7tFImggNeNBVMsn0vLrpn1H1uPrUBdnARPTpZoitY37ZrdJREzf7I16tMrlK3hen349gr1NYh8CmZQa7CTG6Aw==",
      "dev": true
    },
    "@vicons/antd": {
      "version": "0.11.0",
      "resolved": "https://registry.npmjs.org/@vicons/antd/-/antd-0.11.0.tgz",
      "integrity": "sha512-XRkUMJzfjr3Q5S6xbAg4ALI90DIGNhZdbVW6SejFi6EgxB5bts3YMMcM4HbF77vdQX5bhxgju3Hd3uP97OgvAQ==",
      "dev": true
    },
    "@vicons/carbon": {
      "version": "0.11.0",
      "resolved": "https://registry.npmjs.org/@vicons/carbon/-/carbon-0.11.0.tgz",
      "integrity": "sha512-+Wkl8wOP1GR7jS+OKcsJ58NnZr4i+BZhbpLRtgpZQui1zFpYjoWinwvYKLjGKJ/oiR10Q237cBDjGwmMSzXqTg==",
      "dev": true
    },
    "@vicons/fa": {
      "version": "0.11.0",
      "resolved": "https://registry.npmjs.org/@vicons/fa/-/fa-0.11.0.tgz",
      "integrity": "sha512-Mlv4sxlghqAPu+RM+6w0/GIcsQFK/fx1syw1HkABS6MJRLwHOqbmImCYZQam7OMAYhZBs82YpY5cp2NFSgwkOA==",
      "dev": true
    },
    "@vicons/fluent": {
      "version": "0.11.0",
      "resolved": "https://registry.npmjs.org/@vicons/fluent/-/fluent-0.11.0.tgz",
      "integrity": "sha512-5sbdKLijk5/PBtsapDjBodskSCrfOsqOlpCbXQ33pZmY0VZ62N46Yq6SFJXHyUgFhjvReRrFe4wCGVAktchHFg==",
      "dev": true
    },
    "@vicons/material": {
      "version": "0.11.0",
      "resolved": "https://registry.npmjs.org/@vicons/material/-/material-0.11.0.tgz",
      "integrity": "sha512-ZQVs6Z5AjSSKqeN4GrG+5fRbi4rbvLwio06Nsjs5NGDuHCB57QHN2rwkooxeoRUbiFT4GCCKatsoWbjqE6BSZg==",
      "dev": true
    },
    "@vicons/tabler": {
      "version": "0.11.0",
      "resolved": "https://registry.npmjs.org/@vicons/tabler/-/tabler-0.11.0.tgz",
      "integrity": "sha512-ijVUphdgqTde22/4+hlZ9j2AQutpxd3piOW4cWovcnS/ELlMc/4di2/0SDxsJ6282VdZoE9Xv0dI1iSr0XKPEg==",
      "dev": true
    },
    "@vitejs/plugin-vue": {
      "version": "1.9.2",
      "resolved": "https://registry.npmjs.org/@vitejs/plugin-vue/-/plugin-vue-1.9.2.tgz",
      "integrity": "sha512-QnUQJvGmY+YT9xTidLcjr6NAjKWNdSuul1M+BZ6uwTQaO5vpAY9USBncXESATk742dYMZGJenegJgeJhG/HMNQ==",
      "dev": true
    },
    "@vue/compiler-core": {
      "version": "3.2.18",
      "resolved": "https://registry.npmjs.org/@vue/compiler-core/-/compiler-core-3.2.18.tgz",
      "integrity": "sha512-zNKVUx2gN/46xjKy+fNRB3+PJVO2WoGUUdpQo9w5GylWj8vs/r7pMuzQralP8J02YDp6YgJ61v1Yjq7nW5xK6Q==",
      "requires": {
        "@babel/parser": "^7.15.0",
        "@vue/shared": "3.2.18",
        "estree-walker": "^2.0.2",
        "source-map": "^0.6.1"
      }
    },
    "@vue/compiler-dom": {
      "version": "3.2.18",
      "resolved": "https://registry.npmjs.org/@vue/compiler-dom/-/compiler-dom-3.2.18.tgz",
      "integrity": "sha512-AqCND7Q0vYFlsBcwWnbcmOiVS/J/70qTZOCPxJnktvH+w4Y7F9omKDyuhsd/ZsJCmSvvpzqBNf2hgtMnoTjNiw==",
      "requires": {
        "@vue/compiler-core": "3.2.18",
        "@vue/shared": "3.2.18"
      }
    },
    "@vue/compiler-sfc": {
      "version": "3.2.18",
      "resolved": "https://registry.npmjs.org/@vue/compiler-sfc/-/compiler-sfc-3.2.18.tgz",
      "integrity": "sha512-ui+w1WtVjxlSlnvR4uYgVbbYcN75SrADyMuStnhRqhQM8E2MzJ99W/7Qm3UDs+GxzCEDyQA1CmUvtCg5tlwOMw==",
      "requires": {
        "@babel/parser": "^7.15.0",
        "@vue/compiler-core": "3.2.18",
        "@vue/compiler-dom": "3.2.18",
        "@vue/compiler-ssr": "3.2.18",
        "@vue/ref-transform": "3.2.18",
        "@vue/shared": "3.2.18",
        "estree-walker": "^2.0.2",
        "magic-string": "^0.25.7",
        "postcss": "^8.1.10",
        "source-map": "^0.6.1"
      }
    },
    "@vue/compiler-ssr": {
      "version": "3.2.18",
      "resolved": "https://registry.npmjs.org/@vue/compiler-ssr/-/compiler-ssr-3.2.18.tgz",
      "integrity": "sha512-qncqUn+y00o2X8h75XUmekzpxjlQOtZkR2XzEDkBFyRfe+jruG2l0MBFKq88wMeiHRzAfysRNqRQd2KXopHPFQ==",
      "requires": {
        "@vue/compiler-dom": "3.2.18",
        "@vue/shared": "3.2.18"
      }
    },
    "@vue/devtools-api": {
      "version": "6.0.0-beta.18",
      "resolved": "https://registry.npmjs.org/@vue/devtools-api/-/devtools-api-6.0.0-beta.18.tgz",
      "integrity": "sha512-56vRhO7nXWWFYTx520BQSDlQH5VYpwy62hFDEqi2yHHEBpEqseOP5WYQusq7BEW3DXSY9E9cfPVR5CFtJbKuMg=="
    },
    "@vue/reactivity": {
      "version": "3.2.18",
      "resolved": "https://registry.npmjs.org/@vue/reactivity/-/reactivity-3.2.18.tgz",
      "integrity": "sha512-NTGsS2uQqWO4HIhGKmXXUZZvu/R+GW2e+i08ZYJVnR6vScN8WGlg+GU3HiG4UvhNrTAdhMFPoy+no5t3iXnvVw==",
      "requires": {
        "@vue/shared": "3.2.18"
      }
    },
    "@vue/ref-transform": {
      "version": "3.2.18",
      "resolved": "https://registry.npmjs.org/@vue/ref-transform/-/ref-transform-3.2.18.tgz",
      "integrity": "sha512-STPcQbA8u3DftZjZW/dS+0mGIABKgbXCxOJTyEYxP+rxa66tqa/QSkeuz54h0zk2wgPfe4vo2QPtcFGl3kl45A==",
      "requires": {
        "@babel/parser": "^7.15.0",
        "@vue/compiler-core": "3.2.18",
        "@vue/shared": "3.2.18",
        "estree-walker": "^2.0.2",
        "magic-string": "^0.25.7"
      }
    },
    "@vue/runtime-core": {
      "version": "3.2.18",
      "resolved": "https://registry.npmjs.org/@vue/runtime-core/-/runtime-core-3.2.18.tgz",
      "integrity": "sha512-wGRUSRE8grf90TdXJeWusdDG+mn+40L7wBH08neNM4L/f6qW9arlymvrYLOiMz7PoH28aMlI3w6l9tvGSlMbjA==",
      "requires": {
        "@vue/reactivity": "3.2.18",
        "@vue/shared": "3.2.18"
      }
    },
    "@vue/runtime-dom": {
      "version": "3.2.18",
      "resolved": "https://registry.npmjs.org/@vue/runtime-dom/-/runtime-dom-3.2.18.tgz",
      "integrity": "sha512-iP6AP0zANe0OfHWV7VDiR9eH2WGJuLHBHEsyIfOteZUuowM8VkIVgn+10HGnVEV+nfpaVAVPItQDc/TwmR73Rw==",
      "requires": {
        "@vue/runtime-core": "3.2.18",
        "@vue/shared": "3.2.18",
        "csstype": "^2.6.8"
      }
    },
    "@vue/server-renderer": {
      "version": "3.2.18",
      "resolved": "https://registry.npmjs.org/@vue/server-renderer/-/server-renderer-3.2.18.tgz",
      "integrity": "sha512-UUndtVq2z3IN3PmK+siu1W6lFvP9lb2hyKFw2CxZug3A4jKrUuYadvtItIRxt2rNsLIoLydnxBa2pyUM6+8S4g==",
      "requires": {
        "@vue/compiler-ssr": "3.2.18",
        "@vue/shared": "3.2.18"
      }
    },
    "@vue/shared": {
      "version": "3.2.18",
      "resolved": "https://registry.npmjs.org/@vue/shared/-/shared-3.2.18.tgz",
      "integrity": "sha512-vFa2annVlbI082ICC3BH239UFO66nn2Syxy9shI7N2haPrc4rFRyNuDjWKJRe3sX7py4yhYL7fopB5tWGwGVyA=="
    },
    "ansi-regex": {
      "version": "5.0.1",
      "resolved": "https://registry.npmjs.org/ansi-regex/-/ansi-regex-5.0.1.tgz",
      "integrity": "sha512-quJQXlTSUGL2LH9SUXo8VwsY4soanhgo6LNSm84E1LBcE8s3O0wpdiRzyR9z/ZZJMlMWv37qOOb9pdJlMUEKFQ==",
      "dev": true
    },
    "ansi-styles": {
      "version": "4.3.0",
      "resolved": "https://registry.npmjs.org/ansi-styles/-/ansi-styles-4.3.0.tgz",
      "integrity": "sha512-zbB9rCJAT1rbjiVDb2hqKFHNYLxgtk8NURxZ3IZwD3F6NtxbXZQCnnSi1Lkx+IDohdPlFp222wVALIheZJQSEg==",
      "dev": true,
      "requires": {
        "color-convert": "^2.0.1"
      }
    },
    "async-validator": {
      "version": "4.0.3",
      "resolved": "https://registry.npmjs.org/async-validator/-/async-validator-4.0.3.tgz",
      "integrity": "sha512-LVoIbJNHPKsO7FMLamo88uxdrvayGkF3vLTMTeiN3CqAbP3qSafLRc6yx3Sq9lHkiEOLNpoA2jwwnfGDdu1SMQ==",
      "dev": true
    },
    "axios": {
      "version": "0.22.0",
      "resolved": "https://registry.npmjs.org/axios/-/axios-0.22.0.tgz",
      "integrity": "sha512-Z0U3uhqQeg1oNcihswf4ZD57O3NrR1+ZXhxaROaWpDmsDTx7T2HNBV2ulBtie2hwJptu8UvgnJoK+BIqdzh/1w==",
      "requires": {
        "follow-redirects": "^1.14.4"
      }
    },
    "chalk": {
      "version": "4.1.2",
      "resolved": "https://registry.npmjs.org/chalk/-/chalk-4.1.2.tgz",
      "integrity": "sha512-oKnbhFyRIXpUuez8iBMmyEa4nbj4IOQyuhc/wy9kY7/WVPcwIO9VA668Pu8RkO7+0G76SLROeyw9CpQ061i4mA==",
      "dev": true,
      "requires": {
        "ansi-styles": "^4.1.0",
        "supports-color": "^7.1.0"
      }
    },
    "color-convert": {
      "version": "2.0.1",
      "resolved": "https://registry.npmjs.org/color-convert/-/color-convert-2.0.1.tgz",
      "integrity": "sha512-RRECPsj7iu/xb5oKYcsFHSppFNnsj/52OVTRKb4zP5onXwVF3zVmmToNcOfGC+CRDpfK/U584fMg38ZHCaElKQ==",
      "dev": true,
      "requires": {
        "color-name": "~1.1.4"
      }
    },
    "color-name": {
      "version": "1.1.4",
      "resolved": "https://registry.npmjs.org/color-name/-/color-name-1.1.4.tgz",
      "integrity": "sha512-dOy+3AuW3a2wNbZHIuMZpTcgjGuLU/uBL/ubcZF9OXbDo8ff4O8yVp5Bf0efS8uEoYo5q4Fx7dY9OgQGXgAsQA==",
      "dev": true
    },
    "css-render": {
      "version": "0.15.6",
      "resolved": "https://registry.npmjs.org/css-render/-/css-render-0.15.6.tgz",
      "integrity": "sha512-YTfTgDtR+BIqtVWRTkzjQ8RROp1IbZsm1ihzO8FUw2LMi76TaFRBchy2VEyU7ltdvjQs+W0a4YRPqdntU21kig==",
      "dev": true,
      "requires": {
        "@emotion/hash": "~0.8.0",
        "@types/node": "~14.14.31",
        "csstype": "~3.0.5"
      },
      "dependencies": {
        "csstype": {
          "version": "3.0.9",
          "resolved": "https://registry.npmjs.org/csstype/-/csstype-3.0.9.tgz",
          "integrity": "sha512-rpw6JPxK6Rfg1zLOYCSwle2GFOOsnjmDYDaBwEcwoOg4qlsIVCN789VkBZDJAGi4T07gI4YSutR43t9Zz4Lzuw==",
          "dev": true
        }
      }
    },
    "csstype": {
      "version": "2.6.18",
      "resolved": "https://registry.npmjs.org/csstype/-/csstype-2.6.18.tgz",
      "integrity": "sha512-RSU6Hyeg14am3Ah4VZEmeX8H7kLwEEirXe6aU2IPfKNvhXwTflK5HQRDNI0ypQXoqmm+QPyG2IaPuQE5zMwSIQ=="
    },
    "date-fns": {
      "version": "2.24.0",
      "resolved": "https://registry.npmjs.org/date-fns/-/date-fns-2.24.0.tgz",
      "integrity": "sha512-6ujwvwgPID6zbI0o7UbURi2vlLDR9uP26+tW6Lg+Ji3w7dd0i3DOcjcClLjLPranT60SSEFBwdSyYwn/ZkPIuw==",
      "dev": true
    },
    "date-fns-tz": {
      "version": "1.1.6",
      "resolved": "https://registry.npmjs.org/date-fns-tz/-/date-fns-tz-1.1.6.tgz",
      "integrity": "sha512-nyy+URfFI3KUY7udEJozcoftju+KduaqkVfwyTIE0traBiVye09QnyWKLZK7drRr5h9B7sPJITmQnS3U6YOdQg==",
      "dev": true
    },
    "diff-sequences": {
      "version": "26.6.2",
      "resolved": "https://registry.npmjs.org/diff-sequences/-/diff-sequences-26.6.2.tgz",
      "integrity": "sha512-Mv/TDa3nZ9sbc5soK+OoA74BsS3mL37yixCvUAQkiuA4Wz6YtwP/K47n2rv2ovzHZvoiQeA5FTQOschKkEwB0Q==",
      "dev": true
    },
    "esbuild": {
      "version": "0.12.29",
      "resolved": "https://registry.npmjs.org/esbuild/-/esbuild-0.12.29.tgz",
      "integrity": "sha512-w/XuoBCSwepyiZtIRsKsetiLDUVGPVw1E/R3VTFSecIy8UR7Cq3SOtwKHJMFoVqqVG36aGkzh4e8BvpO1Fdc7g==",
      "dev": true
    },
    "estree-walker": {
      "version": "2.0.2",
      "resolved": "https://registry.npmjs.org/estree-walker/-/estree-walker-2.0.2.tgz",
      "integrity": "sha512-Rfkk/Mp/DL7JVje3u18FxFujQlTNR2q6QfMSMB7AvCBx91NGj/ba3kCfza0f6dVDbw7YlRf/nDrn7pQrCCyQ/w=="
    },
    "evtd": {
      "version": "0.2.2",
      "resolved": "https://registry.npmjs.org/evtd/-/evtd-0.2.2.tgz",
      "integrity": "sha512-YRUY9BHnnOmeeaOOLlIfUEp3itg4oFEd+uWPGMs0m4WUJaGcEgxFx8PLRRQaaDKvN2B+19lYzhATILGfXuprnA==",
      "dev": true
    },
    "follow-redirects": {
      "version": "1.14.4",
      "resolved": "https://registry.npmjs.org/follow-redirects/-/follow-redirects-1.14.4.tgz",
      "integrity": "sha512-zwGkiSXC1MUJG/qmeIFH2HBJx9u0V46QGUe3YR1fXG8bXQxq7fLj0RjLZQ5nubr9qNJUZrH+xUcwXEoXNpfS+g=="
    },
    "fsevents": {
      "version": "2.3.2",
      "resolved": "https://registry.npmjs.org/fsevents/-/fsevents-2.3.2.tgz",
      "integrity": "sha512-xiqMQR4xAeHTuB9uWm+fFRcIOgKBMiOBP+eXiyT7jsgVCq1bkVygt00oASowB7EdtpOHaaPgKt812P9ab+DDKA==",
      "dev": true,
      "optional": true
    },
    "function-bind": {
      "version": "1.1.1",
      "resolved": "https://registry.npmjs.org/function-bind/-/function-bind-1.1.1.tgz",
      "integrity": "sha512-yIovAzMX49sF8Yl58fSCWJ5svSLuaibPxXQJFLmBObTuCr0Mf1KiPopGM9NiFjiYBCbfaa2Fh6breQ6ANVTI0A==",
      "dev": true
    },
    "has": {
      "version": "1.0.3",
      "resolved": "https://registry.npmjs.org/has/-/has-1.0.3.tgz",
      "integrity": "sha512-f2dvO0VU6Oej7RkWJGrehjbzMAjFp5/VKPp5tTpWIV4JHHZK1/BxbFRtf/siA2SWTe09caDmVtYYzWEIbBS4zw==",
      "dev": true,
      "requires": {
        "function-bind": "^1.1.1"
      }
    },
    "has-flag": {
      "version": "4.0.0",
      "resolved": "https://registry.npmjs.org/has-flag/-/has-flag-4.0.0.tgz",
      "integrity": "sha512-EykJT/Q1KjTWctppgIAgfSO0tKVuZUjhgMr17kqTumMl6Afv3EISleU7qZUzoXDFTAHTDC4NOoG/ZxU3EvlMPQ==",
      "dev": true
    },
    "highlight.js": {
      "version": "11.2.0",
      "resolved": "https://registry.npmjs.org/highlight.js/-/highlight.js-11.2.0.tgz",
      "integrity": "sha512-JOySjtOEcyG8s4MLR2MNbLUyaXqUunmSnL2kdV/KuGJOmHZuAR5xC54Ko7goAXBWNhf09Vy3B+U7vR62UZ/0iw==",
      "dev": true
    },
    "is-core-module": {
      "version": "2.6.0",
      "resolved": "https://registry.npmjs.org/is-core-module/-/is-core-module-2.6.0.tgz",
      "integrity": "sha512-wShG8vs60jKfPWpF2KZRaAtvt3a20OAn7+IJ6hLPECpSABLcKtFKTTI4ZtH5QcBruBHlq+WsdHWyz0BCZW7svQ==",
      "dev": true,
      "requires": {
        "has": "^1.0.3"
      }
    },
    "jest-diff": {
      "version": "26.6.2",
      "resolved": "https://registry.npmjs.org/jest-diff/-/jest-diff-26.6.2.tgz",
      "integrity": "sha512-6m+9Z3Gv9wN0WFVasqjCL/06+EFCMTqDEUl/b87HYK2rAPTyfz4ZIuSlPhY51PIQRWx5TaxeF1qmXKe9gfN3sA==",
      "dev": true,
      "requires": {
        "chalk": "^4.0.0",
        "diff-sequences": "^26.6.2",
        "jest-get-type": "^26.3.0",
        "pretty-format": "^26.6.2"
      }
    },
    "jest-get-type": {
      "version": "26.3.0",
      "resolved": "https://registry.npmjs.org/jest-get-type/-/jest-get-type-26.3.0.tgz",
      "integrity": "sha512-TpfaviN1R2pQWkIihlfEanwOXK0zcxrKEE4MlU6Tn7keoXdN6/3gK/xl0yEh8DOunn5pOVGKf8hB4R9gVh04ig==",
      "dev": true
    },
    "lodash": {
      "version": "4.17.21",
      "resolved": "https://registry.npmjs.org/lodash/-/lodash-4.17.21.tgz",
      "integrity": "sha512-v2kDEe57lecTulaDIuNTPy3Ry4gLGJ6Z1O3vE1krgXZNrsQ+LFTGHVxVjcXPs17LhbZVGedAJv8XZ1tvj5FvSg==",
      "dev": true
    },
    "lodash-es": {
      "version": "4.17.21",
      "resolved": "https://registry.npmjs.org/lodash-es/-/lodash-es-4.17.21.tgz",
      "integrity": "sha512-mKnC+QJ9pWVzv+C4/U3rRsHapFfHvQFoFB92e52xeyGMcX6/OlIl78je1u8vePzYZSkkogMPJ2yjxxsb89cxyw==",
      "dev": true
    },
    "magic-string": {
      "version": "0.25.7",
      "resolved": "https://registry.npmjs.org/magic-string/-/magic-string-0.25.7.tgz",
      "integrity": "sha512-4CrMT5DOHTDk4HYDlzmwu4FVCcIYI8gauveasrdCu2IKIFOJ3f0v/8MDGJCDL9oD2ppz/Av1b0Nj345H9M+XIA==",
      "requires": {
        "sourcemap-codec": "^1.4.4"
      }
    },
    "naive-ui": {
      "version": "2.19.1",
      "resolved": "https://registry.npmjs.org/naive-ui/-/naive-ui-2.19.1.tgz",
      "integrity": "sha512-BvwsgBOMF9Lg+WDZ8+lOmz44JVmnEyLdtzR5oxSot9Sk7UrFpNPTajk6pt6mDx5tpZIwY/r5tgJGI7Vc5hEUhQ==",
      "dev": true,
      "requires": {
        "@css-render/plugin-bem": "^0.15.6",
        "@css-render/vue3-ssr": "^0.15.6",
        "@types/lodash": "^4.14.170",
        "@types/lodash-es": "^4.17.4",
        "async-validator": "^4.0.1",
        "css-render": "^0.15.6",
        "date-fns": "^2.19.0",
        "date-fns-tz": "^1.1.6",
        "evtd": "^0.2.2",
        "highlight.js": "^11.0.1",
        "lodash": "^4.17.21",
        "lodash-es": "^4.17.21",
        "seemly": "^0.3.1",
        "treemate": "^0.3.8",
        "vdirs": "^0.1.4",
        "vfonts": "^0.1.0",
        "vooks": "^0.2.6",
        "vueuc": "^0.4.9"
      }
    },
    "nanocolors": {
      "version": "0.1.12",
      "resolved": "https://registry.npmjs.org/nanocolors/-/nanocolors-0.1.12.tgz",
      "integrity": "sha512-2nMHqg1x5PU+unxX7PGY7AuYxl2qDx7PSrTRjizr8sxdd3l/3hBuWWaki62qmtYm2U5i4Z5E7GbjlyDFhs9/EQ=="
    },
    "nanoid": {
      "version": "3.1.25",
      "resolved": "https://registry.npmjs.org/nanoid/-/nanoid-3.1.25.tgz",
      "integrity": "sha512-rdwtIXaXCLFAQbnfqDRnI6jaRHp9fTcYBjtFKE8eezcZ7LuLjhUaQGNeMXf1HmRoCH32CLz6XwX0TtxEOS/A3Q=="
    },
    "path-parse": {
      "version": "1.0.7",
      "resolved": "https://registry.npmjs.org/path-parse/-/path-parse-1.0.7.tgz",
      "integrity": "sha512-LDJzPVEEEPR+y48z93A0Ed0yXb8pAByGWo/k5YYdYgpY2/2EsOsksJrq7lOHxryrVOn1ejG6oAp8ahvOIQD8sw==",
      "dev": true
    },
    "postcss": {
      "version": "8.3.7",
      "resolved": "https://registry.npmjs.org/postcss/-/postcss-8.3.7.tgz",
      "integrity": "sha512-9SaY7nnyQ63/WittqZYAvkkYPyKxchMKH71UDzeTmWuLSvxTRpeEeABZAzlCi55cuGcoFyoV/amX2BdsafQidQ==",
      "requires": {
        "nanocolors": "^0.1.5",
        "nanoid": "^3.1.25",
        "source-map-js": "^0.6.2"
      }
    },
    "pretty-format": {
      "version": "26.6.2",
      "resolved": "https://registry.npmjs.org/pretty-format/-/pretty-format-26.6.2.tgz",
      "integrity": "sha512-7AeGuCYNGmycyQbCqd/3PWH4eOoX/OiCa0uphp57NVTeAGdJGaAliecxwBDHYQCIvrW7aDBZCYeNTP/WX69mkg==",
      "dev": true,
      "requires": {
        "@jest/types": "^26.6.2",
        "ansi-regex": "^5.0.0",
        "ansi-styles": "^4.0.0",
        "react-is": "^17.0.1"
      }
    },
    "react-is": {
      "version": "17.0.2",
      "resolved": "https://registry.npmjs.org/react-is/-/react-is-17.0.2.tgz",
      "integrity": "sha512-w2GsyukL62IJnlaff/nRegPQR94C/XXamvMWmSHRJ4y7Ts/4ocGRmTHvOs8PSE6pB3dWOrD/nueuU5sduBsQ4w==",
      "dev": true
    },
    "resize-observer-polyfill": {
      "version": "1.5.1",
      "resolved": "https://registry.npmjs.org/resize-observer-polyfill/-/resize-observer-polyfill-1.5.1.tgz",
      "integrity": "sha512-LwZrotdHOo12nQuZlHEmtuXdqGoOD0OhaxopaNFxWzInpEgaLWoVuAMbTzixuosCx2nEG58ngzW3vxdWoxIgdg==",
      "dev": true
    },
    "resolve": {
      "version": "1.20.0",
      "resolved": "https://registry.npmjs.org/resolve/-/resolve-1.20.0.tgz",
      "integrity": "sha512-wENBPt4ySzg4ybFQW2TT1zMQucPK95HSh/nq2CFTZVOGut2+pQvSsgtda4d26YrYcr067wjbmzOG8byDPBX63A==",
      "dev": true,
      "requires": {
        "is-core-module": "^2.2.0",
        "path-parse": "^1.0.6"
      }
    },
    "rollup": {
      "version": "2.57.0",
      "resolved": "https://registry.npmjs.org/rollup/-/rollup-2.57.0.tgz",
      "integrity": "sha512-bKQIh1rWKofRee6mv8SrF2HdP6pea5QkwBZSMImJysFj39gQuiV8MEPBjXOCpzk3wSYp63M2v2wkWBmFC8O/rg==",
      "dev": true,
      "requires": {
        "fsevents": "~2.3.2"
      }
    },
    "seemly": {
      "version": "0.3.1",
      "resolved": "https://registry.npmjs.org/seemly/-/seemly-0.3.1.tgz",
      "integrity": "sha512-7P4+IJU9SIP6EBl2jjVitbgrHPb0MqWRy4j2iXGOUiDrHpdG3tH/3j5Xpyv1qWAY3IBrCKOkmVXEfwTsT4UzDg==",
      "dev": true,
      "requires": {
        "@types/jest": "^26.0.20"
      }
    },
    "sortablejs": {
      "version": "1.14.0",
      "resolved": "https://registry.npmjs.org/sortablejs/-/sortablejs-1.14.0.tgz",
      "integrity": "sha512-pBXvQCs5/33fdN1/39pPL0NZF20LeRbLQ5jtnheIPN9JQAaufGjKdWduZn4U7wCtVuzKhmRkI0DFYHYRbB2H1w=="
    },
    "source-map": {
      "version": "0.6.1",
      "resolved": "https://registry.npmjs.org/source-map/-/source-map-0.6.1.tgz",
      "integrity": "sha512-UjgapumWlbMhkBgzT7Ykc5YXUT46F0iKu8SGXq0bcwP5dz/h0Plj6enJqjz1Zbq2l5WaqYnrVbwWOWMyF3F47g=="
    },
    "source-map-js": {
      "version": "0.6.2",
      "resolved": "https://registry.npmjs.org/source-map-js/-/source-map-js-0.6.2.tgz",
      "integrity": "sha512-/3GptzWzu0+0MBQFrDKzw/DvvMTUORvgY6k6jd/VS6iCR4RDTKWH6v6WPwQoUO8667uQEf9Oe38DxAYWY5F/Ug=="
    },
    "sourcemap-codec": {
      "version": "1.4.8",
      "resolved": "https://registry.npmjs.org/sourcemap-codec/-/sourcemap-codec-1.4.8.tgz",
      "integrity": "sha512-9NykojV5Uih4lgo5So5dtw+f0JgJX30KCNI8gwhz2J9A15wD0Ml6tjHKwf6fTSa6fAdVBdZeNOs9eJ71qCk8vA=="
    },
    "supports-color": {
      "version": "7.2.0",
      "resolved": "https://registry.npmjs.org/supports-color/-/supports-color-7.2.0.tgz",
      "integrity": "sha512-qpCAvRl9stuOHveKsn7HncJRvv501qIacKzQlO/+Lwxc9+0q2wLyv4Dfvt80/DPn2pqOBsJdDiogXGR9+OvwRw==",
      "dev": true,
      "requires": {
        "has-flag": "^4.0.0"
      }
    },
    "treemate": {
      "version": "0.3.8",
      "resolved": "https://registry.npmjs.org/treemate/-/treemate-0.3.8.tgz",
      "integrity": "sha512-wv9lBoPaeWsOgBSX09cpDi1HcO/A3aNfY+Qhvu8JnOSvVfSTmcXMKGrg9g8oTgWA8YLVqq+wt8p+eQvAhqKqlQ==",
      "dev": true
    },
    "vdirs": {
      "version": "0.1.4",
      "resolved": "https://registry.npmjs.org/vdirs/-/vdirs-0.1.4.tgz",
      "integrity": "sha512-g2wJgE8hj/ruqEnGFEXFVC8IR4kRaPDr7Cl+SSy+A8kmNr47rL1l+0wMi51amlrTL6eQsRk+wcl4bjjfPXNzZQ==",
      "dev": true,
      "requires": {
        "@types/node": "^14.14.10",
        "evtd": "^0.2.2"
      }
    },
    "vfonts": {
      "version": "0.1.0",
      "resolved": "https://registry.npmjs.org/vfonts/-/vfonts-0.1.0.tgz",
      "integrity": "sha512-vQBcvntBlnAPonAkGNM8iJ9NxE3PucA+V2W95xiN75YJKxirLJvOws2kEyOEO45T4N+YTbQOCR2m77Y05pfVhQ==",
      "dev": true
    },
    "vite": {
      "version": "2.5.10",
      "resolved": "https://registry.npmjs.org/vite/-/vite-2.5.10.tgz",
      "integrity": "sha512-0ObiHTi5AHyXdJcvZ67HMsDgVpjT5RehvVKv6+Q0jFZ7zDI28PF5zK9mYz2avxdA+4iJMdwCz6wnGNnn4WX5Gg==",
      "dev": true,
      "requires": {
        "esbuild": "^0.12.17",
        "fsevents": "~2.3.2",
        "postcss": "^8.3.6",
        "resolve": "^1.20.0",
        "rollup": "^2.38.5"
      }
    },
    "vooks": {
      "version": "0.2.8",
      "resolved": "https://registry.npmjs.org/vooks/-/vooks-0.2.8.tgz",
      "integrity": "sha512-d+MHX5mTHeNZn0XTILMUKjpxS1+dUKCI/kw9+LnvfHzCawL8bZ1itViAbWfwJI246uSc47rL3ECPgPMyS8wQrQ==",
      "dev": true,
      "requires": {
        "evtd": "^0.2.2"
      }
    },
    "vue": {
      "version": "3.2.18",
      "resolved": "https://registry.npmjs.org/vue/-/vue-3.2.18.tgz",
      "integrity": "sha512-5HjXmnntBcFOdjqXzi4fxPENcl8MOrfUycr/iY+Th/NNNaZfa5BLPHk9Gc28fWCGbZT1U6XkkiEYysxY49lGuQ==",
      "requires": {
        "@vue/compiler-dom": "3.2.18",
        "@vue/compiler-sfc": "3.2.18",
        "@vue/runtime-dom": "3.2.18",
        "@vue/server-renderer": "3.2.18",
        "@vue/shared": "3.2.18"
      }
    },
    "vue-router": {
      "version": "4.0.11",
      "resolved": "https://registry.npmjs.org/vue-router/-/vue-router-4.0.11.tgz",
      "integrity": "sha512-sha6I8fx9HWtvTrFZfxZkiQQBpqSeT+UCwauYjkdOQYRvwsGwimlQQE2ayqUwuuXGzquFpCPoXzYKWlzL4OuXg==",
      "requires": {
        "@vue/devtools-api": "^6.0.0-beta.14"
      }
    },
    "vuedraggable": {
      "version": "4.1.0",
      "resolved": "https://registry.npmjs.org/vuedraggable/-/vuedraggable-4.1.0.tgz",
      "integrity": "sha512-FU5HCWBmsf20GpP3eudURW3WdWTKIbEIQxh9/8GE806hydR9qZqRRxRE3RjqX7PkuLuMQG/A7n3cfj9rCEchww==",
      "requires": {
        "sortablejs": "1.14.0"
      }
    },
    "vueuc": {
      "version": "0.4.10",
      "resolved": "https://registry.npmjs.org/vueuc/-/vueuc-0.4.10.tgz",
      "integrity": "sha512-d/GITEBOtrkMyhJPB72SNYeO7rYrsTYMlJ+uT7bwuTT1ag15O63vwUesqhY7Vf65FybJRcQwUtGAYShDOqRiJQ==",
      "dev": true,
      "requires": {
        "css-render": "^0.15.3",
        "evtd": "^0.2.2",
        "resize-observer-polyfill": "^1.5.1",
        "seemly": "^0.3.1",
        "vdirs": "^0.1.4",
        "vooks": "^0.2.4"
      }
    },
    "vuex": {
      "version": "4.0.2",
      "resolved": "https://registry.npmjs.org/vuex/-/vuex-4.0.2.tgz",
      "integrity": "sha512-M6r8uxELjZIK8kTKDGgZTYX/ahzblnzC4isU1tpmEuOIIKmV+TRdc+H4s8ds2NuZ7wpUTdGRzJRtoj+lI+pc0Q==",
      "requires": {
        "@vue/devtools-api": "^6.0.0-beta.11"
      }
    }
  }
}
